
Microsoft Visual Studio Solution File, Format Version 12.00
# Visual Studio Version 16
VisualStudioVersion = 16.0.31005.135
MinimumVisualStudioVersion = 10.0.40219.1
Project("{FAE04EC0-301F-11D3-BF4B-00C04F79EFBC}") = "OOP_cv4", "OOP_cv4.csproj", "{DE2EEB7A-C28A-4E44-B0FD-B0605E6D7A6D}"
EndProject
Global
	GlobalSection(SolutionConfigurationPlatforms) = preSolution
		Debug|Any CPU = Debug|Any CPU
		Release|Any CPU = Release|Any CPU
	EndGlobalSection
	GlobalSection(ProjectConfigurationPlatforms) = postSolution
		{DE2EEB7A-C28A-4E44-B0FD-B0605E6D7A6D}.Debug|Any CPU.ActiveCfg = Debug|Any CPU
		{DE2EEB7A-C28A-4E44-B0FD-B0605E6D7A6D}.Debug|Any CPU.Build.0 = Debug|Any CPU
		{DE2EEB7A-C28A-4E44-B0FD-B0605E6D7A6D}.Release|Any CPU.ActiveCfg = Release|Any CPU
		{DE2EEB7A-C28A-4E44-B0FD-B0605E6D7A6D}.Release|Any CPU.Build.0 = Release|Any CPU
	EndGlobalSection
	GlobalSection(SolutionProperties) = preSolution
		HideSolutionNode = FALSE
	EndGlobalSection
	GlobalSection(ExtensibilityGlobals) = postSolution
		SolutionGuid = {1C4755E4-173B-46C3-A07D-3B6FF5AB4928}
	EndGlobalSection
EndGlobal
